
Microsoft Visual Studio Solution File, Format Version 12.00
# Visual Studio 2013
VisualStudioVersion = 12.0.30723.0
MinimumVisualStudioVersion = 10.0.40219.1
Project("{FAE04EC0-301F-11D3-BF4B-00C04F79EFBC}") = "PovertySail.Console", "PovertySail.Console\PovertySail.Console.csproj", "{0640B87F-A33C-4612-B3D7-AA7363BB1CCC}"
EndProject
Project("{FAE04EC0-301F-11D3-BF4B-00C04F79EFBC}") = "InTheHand.Net.Personal.FX2", "InTheHand.Net.Personal\InTheHand.Net.Personal.FX2.csproj", "{98BDDE14-8F8C-40CC-9E45-5BAC73573EF4}"
EndProject
Project("{2150E333-8FDC-42A3-9474-1A3956D46DE8}") = "Lib", "Lib", "{E38D5C9B-42CF-48F1-A13E-BC66E00107EF}"
EndProject
Project("{FAE04EC0-301F-11D3-BF4B-00C04F79EFBC}") = "PebbleSharp.Core.NonPortable", "PebbleSharp.Core.NonPortable\PebbleSharp.Core.NonPortable.csproj", "{E52DCFA6-ED09-4B88-AE50-97072323942C}"
EndProject
Project("{FAE04EC0-301F-11D3-BF4B-00C04F79EFBC}") = "PebbleSharp.Net45", "PebbleSharp.Net45\PebbleSharp.Net45.csproj", "{40BD0369-85E6-4712-A28C-0C9178FD6F33}"
EndProject
Project("{FAE04EC0-301F-11D3-BF4B-00C04F79EFBC}") = "PovertySail.Configuration", "PovertySail.Configuration\PovertySail.Configuration.csproj", "{0096B610-9EAD-421F-83AC-C3FE2559EC68}"
EndProject
Project("{FAE04EC0-301F-11D3-BF4B-00C04F79EFBC}") = "PovertySail.Contracts", "PovertySail.Contracts\PovertySail.Contracts.csproj", "{5B22B394-D1CC-457F-B83D-04D2C797E3B3}"
EndProject
Project("{FAE04EC0-301F-11D3-BF4B-00C04F79EFBC}") = "PovertySail.Models", "PovertySail.Models\PovertySail.Models.csproj", "{A41A884E-A7FE-4EC6-80A7-145E3FB4311F}"
EndProject
Project("{FAE04EC0-301F-11D3-BF4B-00C04F79EFBC}") = "PovertySail.Infrastructure", "PovertySail.Infrastructure\PovertySail.Infrastructure.csproj", "{860DCFBC-164C-4BCA-A112-AF0439A60211}"
EndProject
Project("{FAE04EC0-301F-11D3-BF4B-00C04F79EFBC}") = "PovertySail.Persistence", "PovertySail.Persistence\PovertySail.Persistence.csproj", "{17B81C86-A8FF-46D5-8513-048B0571FDCF}"
EndProject
Project("{FAE04EC0-301F-11D3-BF4B-00C04F79EFBC}") = "PovertySail.Pebble", "PovertySail.Pebble\PovertySail.Pebble.csproj", "{4DC33CF3-5DF6-4630-9297-E2DADC27CDDD}"
EndProject
Project("{FAE04EC0-301F-11D3-BF4B-00C04F79EFBC}") = "PovertySail.BlendMicroAnemometer", "PovertySail.BlendMicroAnemometer\PovertySail.BlendMicroAnemometer.csproj", "{26A14CFB-80CB-4D89-9101-10D9E34514B9}"
EndProject
Project("{2150E333-8FDC-42A3-9474-1A3956D46DE8}") = "Plugins", "Plugins", "{F5E624C6-9097-4A14-B2DC-5058B30F2373}"
EndProject
Project("{FAE04EC0-301F-11D3-BF4B-00C04F79EFBC}") = "PovertySail.Gps", "PovertySail.Gps\PovertySail.Gps.csproj", "{4D9F09B7-BAD6-4F4A-A40D-E2A1440B3483}"
EndProject
Project("{FAE04EC0-301F-11D3-BF4B-00C04F79EFBC}") = "PovertySail.Calculators", "PovertySail.Calculators\PovertySail.Calculators.csproj", "{40FA9817-077E-494C-8DCD-2F54758B5085}"
EndProject
Project("{FAE04EC0-301F-11D3-BF4B-00C04F79EFBC}") = "PovertySail.MPU6050", "PovertySail.MPU6050\PovertySail.MPU6050.csproj", "{C03B4B43-1404-4449-8865-3AFD1FD626E7}"
EndProject
Project("{FAE04EC0-301F-11D3-BF4B-00C04F79EFBC}") = "QuadroschrauberSharp", "lib\QuadroschrauberSharp\QuadroschrauberSharp.csproj", "{6C5550E5-299E-43C8-8E03-825E024DB764}"
EndProject
Project("{FAE04EC0-301F-11D3-BF4B-00C04F79EFBC}") = "QuadroschrauberSharp.Linux", "lib\QuadroschrauberSharp.Linux\QuadroschrauberSharp.Linux.csproj", "{CEFF9E98-6499-4D7B-B523-BB1959674E79}"
EndProject
Global
	GlobalSection(SolutionConfigurationPlatforms) = preSolution
		CodeAnalysis|Any CPU = CodeAnalysis|Any CPU
		Debug|Any CPU = Debug|Any CPU
		Release|Any CPU = Release|Any CPU
	EndGlobalSection
	GlobalSection(ProjectConfigurationPlatforms) = postSolution
		{0640B87F-A33C-4612-B3D7-AA7363BB1CCC}.CodeAnalysis|Any CPU.ActiveCfg = Release|Any CPU
		{0640B87F-A33C-4612-B3D7-AA7363BB1CCC}.CodeAnalysis|Any CPU.Build.0 = Release|Any CPU
		{0640B87F-A33C-4612-B3D7-AA7363BB1CCC}.Debug|Any CPU.ActiveCfg = Debug|Any CPU
		{0640B87F-A33C-4612-B3D7-AA7363BB1CCC}.Debug|Any CPU.Build.0 = Debug|Any CPU
		{0640B87F-A33C-4612-B3D7-AA7363BB1CCC}.Release|Any CPU.ActiveCfg = Release|Any CPU
		{0640B87F-A33C-4612-B3D7-AA7363BB1CCC}.Release|Any CPU.Build.0 = Release|Any CPU
		{98BDDE14-8F8C-40CC-9E45-5BAC73573EF4}.CodeAnalysis|Any CPU.ActiveCfg = CodeAnalysis|Any CPU
		{98BDDE14-8F8C-40CC-9E45-5BAC73573EF4}.CodeAnalysis|Any CPU.Build.0 = CodeAnalysis|Any CPU
		{98BDDE14-8F8C-40CC-9E45-5BAC73573EF4}.Debug|Any CPU.ActiveCfg = Debug|Any CPU
		{98BDDE14-8F8C-40CC-9E45-5BAC73573EF4}.Debug|Any CPU.Build.0 = Debug|Any CPU
		{98BDDE14-8F8C-40CC-9E45-5BAC73573EF4}.Release|Any CPU.ActiveCfg = Release|Any CPU
		{98BDDE14-8F8C-40CC-9E45-5BAC73573EF4}.Release|Any CPU.Build.0 = Release|Any CPU
		{E52DCFA6-ED09-4B88-AE50-97072323942C}.CodeAnalysis|Any CPU.ActiveCfg = Release|Any CPU
		{E52DCFA6-ED09-4B88-AE50-97072323942C}.CodeAnalysis|Any CPU.Build.0 = Release|Any CPU
		{E52DCFA6-ED09-4B88-AE50-97072323942C}.Debug|Any CPU.ActiveCfg = Debug|Any CPU
		{E52DCFA6-ED09-4B88-AE50-97072323942C}.Debug|Any CPU.Build.0 = Debug|Any CPU
		{E52DCFA6-ED09-4B88-AE50-97072323942C}.Release|Any CPU.ActiveCfg = Release|Any CPU
		{E52DCFA6-ED09-4B88-AE50-97072323942C}.Release|Any CPU.Build.0 = Release|Any CPU
		{40BD0369-85E6-4712-A28C-0C9178FD6F33}.CodeAnalysis|Any CPU.ActiveCfg = Release|Any CPU
		{40BD0369-85E6-4712-A28C-0C9178FD6F33}.CodeAnalysis|Any CPU.Build.0 = Release|Any CPU
		{40BD0369-85E6-4712-A28C-0C9178FD6F33}.Debug|Any CPU.ActiveCfg = Debug|Any CPU
		{40BD0369-85E6-4712-A28C-0C9178FD6F33}.Debug|Any CPU.Build.0 = Debug|Any CPU
		{40BD0369-85E6-4712-A28C-0C9178FD6F33}.Release|Any CPU.ActiveCfg = Release|Any CPU
		{40BD0369-85E6-4712-A28C-0C9178FD6F33}.Release|Any CPU.Build.0 = Release|Any CPU
		{0096B610-9EAD-421F-83AC-C3FE2559EC68}.CodeAnalysis|Any CPU.ActiveCfg = Release|Any CPU
		{0096B610-9EAD-421F-83AC-C3FE2559EC68}.CodeAnalysis|Any CPU.Build.0 = Release|Any CPU
		{0096B610-9EAD-421F-83AC-C3FE2559EC68}.Debug|Any CPU.ActiveCfg = Debug|Any CPU
		{0096B610-9EAD-421F-83AC-C3FE2559EC68}.Debug|Any CPU.Build.0 = Debug|Any CPU
		{0096B610-9EAD-421F-83AC-C3FE2559EC68}.Release|Any CPU.ActiveCfg = Release|Any CPU
		{0096B610-9EAD-421F-83AC-C3FE2559EC68}.Release|Any CPU.Build.0 = Release|Any CPU
		{5B22B394-D1CC-457F-B83D-04D2C797E3B3}.CodeAnalysis|Any CPU.ActiveCfg = Release|Any CPU
		{5B22B394-D1CC-457F-B83D-04D2C797E3B3}.CodeAnalysis|Any CPU.Build.0 = Release|Any CPU
		{5B22B394-D1CC-457F-B83D-04D2C797E3B3}.Debug|Any CPU.ActiveCfg = Debug|Any CPU
		{5B22B394-D1CC-457F-B83D-04D2C797E3B3}.Debug|Any CPU.Build.0 = Debug|Any CPU
		{5B22B394-D1CC-457F-B83D-04D2C797E3B3}.Release|Any CPU.ActiveCfg = Release|Any CPU
		{5B22B394-D1CC-457F-B83D-04D2C797E3B3}.Release|Any CPU.Build.0 = Release|Any CPU
		{A41A884E-A7FE-4EC6-80A7-145E3FB4311F}.CodeAnalysis|Any CPU.ActiveCfg = Release|Any CPU
		{A41A884E-A7FE-4EC6-80A7-145E3FB4311F}.CodeAnalysis|Any CPU.Build.0 = Release|Any CPU
		{A41A884E-A7FE-4EC6-80A7-145E3FB4311F}.Debug|Any CPU.ActiveCfg = Debug|Any CPU
		{A41A884E-A7FE-4EC6-80A7-145E3FB4311F}.Debug|Any CPU.Build.0 = Debug|Any CPU
		{A41A884E-A7FE-4EC6-80A7-145E3FB4311F}.Release|Any CPU.ActiveCfg = Release|Any CPU
		{A41A884E-A7FE-4EC6-80A7-145E3FB4311F}.Release|Any CPU.Build.0 = Release|Any CPU
		{860DCFBC-164C-4BCA-A112-AF0439A60211}.CodeAnalysis|Any CPU.ActiveCfg = Release|Any CPU
		{860DCFBC-164C-4BCA-A112-AF0439A60211}.CodeAnalysis|Any CPU.Build.0 = Release|Any CPU
		{860DCFBC-164C-4BCA-A112-AF0439A60211}.Debug|Any CPU.ActiveCfg = Debug|Any CPU
		{860DCFBC-164C-4BCA-A112-AF0439A60211}.Debug|Any CPU.Build.0 = Debug|Any CPU
		{860DCFBC-164C-4BCA-A112-AF0439A60211}.Release|Any CPU.ActiveCfg = Release|Any CPU
		{860DCFBC-164C-4BCA-A112-AF0439A60211}.Release|Any CPU.Build.0 = Release|Any CPU
		{17B81C86-A8FF-46D5-8513-048B0571FDCF}.CodeAnalysis|Any CPU.ActiveCfg = Release|Any CPU
		{17B81C86-A8FF-46D5-8513-048B0571FDCF}.CodeAnalysis|Any CPU.Build.0 = Release|Any CPU
		{17B81C86-A8FF-46D5-8513-048B0571FDCF}.Debug|Any CPU.ActiveCfg = Debug|Any CPU
		{17B81C86-A8FF-46D5-8513-048B0571FDCF}.Debug|Any CPU.Build.0 = Debug|Any CPU
		{17B81C86-A8FF-46D5-8513-048B0571FDCF}.Release|Any CPU.ActiveCfg = Release|Any CPU
		{17B81C86-A8FF-46D5-8513-048B0571FDCF}.Release|Any CPU.Build.0 = Release|Any CPU
		{4DC33CF3-5DF6-4630-9297-E2DADC27CDDD}.CodeAnalysis|Any CPU.ActiveCfg = Release|Any CPU
		{4DC33CF3-5DF6-4630-9297-E2DADC27CDDD}.CodeAnalysis|Any CPU.Build.0 = Release|Any CPU
		{4DC33CF3-5DF6-4630-9297-E2DADC27CDDD}.Debug|Any CPU.ActiveCfg = Debug|Any CPU
		{4DC33CF3-5DF6-4630-9297-E2DADC27CDDD}.Debug|Any CPU.Build.0 = Debug|Any CPU
		{4DC33CF3-5DF6-4630-9297-E2DADC27CDDD}.Release|Any CPU.ActiveCfg = Release|Any CPU
		{4DC33CF3-5DF6-4630-9297-E2DADC27CDDD}.Release|Any CPU.Build.0 = Release|Any CPU
		{26A14CFB-80CB-4D89-9101-10D9E34514B9}.CodeAnalysis|Any CPU.ActiveCfg = Release|Any CPU
		{26A14CFB-80CB-4D89-9101-10D9E34514B9}.CodeAnalysis|Any CPU.Build.0 = Release|Any CPU
		{26A14CFB-80CB-4D89-9101-10D9E34514B9}.Debug|Any CPU.ActiveCfg = Debug|Any CPU
		{26A14CFB-80CB-4D89-9101-10D9E34514B9}.Debug|Any CPU.Build.0 = Debug|Any CPU
		{26A14CFB-80CB-4D89-9101-10D9E34514B9}.Release|Any CPU.ActiveCfg = Release|Any CPU
		{26A14CFB-80CB-4D89-9101-10D9E34514B9}.Release|Any CPU.Build.0 = Release|Any CPU
		{4D9F09B7-BAD6-4F4A-A40D-E2A1440B3483}.CodeAnalysis|Any CPU.ActiveCfg = Release|Any CPU
		{4D9F09B7-BAD6-4F4A-A40D-E2A1440B3483}.CodeAnalysis|Any CPU.Build.0 = Release|Any CPU
		{4D9F09B7-BAD6-4F4A-A40D-E2A1440B3483}.Debug|Any CPU.ActiveCfg = Debug|Any CPU
		{4D9F09B7-BAD6-4F4A-A40D-E2A1440B3483}.Debug|Any CPU.Build.0 = Debug|Any CPU
		{4D9F09B7-BAD6-4F4A-A40D-E2A1440B3483}.Release|Any CPU.ActiveCfg = Release|Any CPU
		{4D9F09B7-BAD6-4F4A-A40D-E2A1440B3483}.Release|Any CPU.Build.0 = Release|Any CPU
		{40FA9817-077E-494C-8DCD-2F54758B5085}.CodeAnalysis|Any CPU.ActiveCfg = Release|Any CPU
		{40FA9817-077E-494C-8DCD-2F54758B5085}.CodeAnalysis|Any CPU.Build.0 = Release|Any CPU
		{40FA9817-077E-494C-8DCD-2F54758B5085}.Debug|Any CPU.ActiveCfg = Debug|Any CPU
		{40FA9817-077E-494C-8DCD-2F54758B5085}.Debug|Any CPU.Build.0 = Debug|Any CPU
		{40FA9817-077E-494C-8DCD-2F54758B5085}.Release|Any CPU.ActiveCfg = Release|Any CPU
		{40FA9817-077E-494C-8DCD-2F54758B5085}.Release|Any CPU.Build.0 = Release|Any CPU
		{C03B4B43-1404-4449-8865-3AFD1FD626E7}.CodeAnalysis|Any CPU.ActiveCfg = Release|Any CPU
		{C03B4B43-1404-4449-8865-3AFD1FD626E7}.CodeAnalysis|Any CPU.Build.0 = Release|Any CPU
		{C03B4B43-1404-4449-8865-3AFD1FD626E7}.Debug|Any CPU.ActiveCfg = Debug|Any CPU
		{C03B4B43-1404-4449-8865-3AFD1FD626E7}.Debug|Any CPU.Build.0 = Debug|Any CPU
		{C03B4B43-1404-4449-8865-3AFD1FD626E7}.Release|Any CPU.ActiveCfg = Release|Any CPU
		{C03B4B43-1404-4449-8865-3AFD1FD626E7}.Release|Any CPU.Build.0 = Release|Any CPU
		{6C5550E5-299E-43C8-8E03-825E024DB764}.CodeAnalysis|Any CPU.ActiveCfg = Release|Any CPU
		{6C5550E5-299E-43C8-8E03-825E024DB764}.CodeAnalysis|Any CPU.Build.0 = Release|Any CPU
		{6C5550E5-299E-43C8-8E03-825E024DB764}.Debug|Any CPU.ActiveCfg = Debug|Any CPU
		{6C5550E5-299E-43C8-8E03-825E024DB764}.Debug|Any CPU.Build.0 = Debug|Any CPU
		{6C5550E5-299E-43C8-8E03-825E024DB764}.Release|Any CPU.ActiveCfg = Release|Any CPU
		{6C5550E5-299E-43C8-8E03-825E024DB764}.Release|Any CPU.Build.0 = Release|Any CPU
		{CEFF9E98-6499-4D7B-B523-BB1959674E79}.CodeAnalysis|Any CPU.ActiveCfg = Release|Any CPU
		{CEFF9E98-6499-4D7B-B523-BB1959674E79}.CodeAnalysis|Any CPU.Build.0 = Release|Any CPU
		{CEFF9E98-6499-4D7B-B523-BB1959674E79}.Debug|Any CPU.ActiveCfg = Debug|Any CPU
		{CEFF9E98-6499-4D7B-B523-BB1959674E79}.Debug|Any CPU.Build.0 = Debug|Any CPU
		{CEFF9E98-6499-4D7B-B523-BB1959674E79}.Release|Any CPU.ActiveCfg = Release|Any CPU
		{CEFF9E98-6499-4D7B-B523-BB1959674E79}.Release|Any CPU.Build.0 = Release|Any CPU
	EndGlobalSection
	GlobalSection(SolutionProperties) = preSolution
		HideSolutionNode = FALSE
	EndGlobalSection
	GlobalSection(NestedProjects) = preSolution
		{98BDDE14-8F8C-40CC-9E45-5BAC73573EF4} = {E38D5C9B-42CF-48F1-A13E-BC66E00107EF}
		{E52DCFA6-ED09-4B88-AE50-97072323942C} = {E38D5C9B-42CF-48F1-A13E-BC66E00107EF}
		{40BD0369-85E6-4712-A28C-0C9178FD6F33} = {E38D5C9B-42CF-48F1-A13E-BC66E00107EF}
		{4DC33CF3-5DF6-4630-9297-E2DADC27CDDD} = {F5E624C6-9097-4A14-B2DC-5058B30F2373}
		{26A14CFB-80CB-4D89-9101-10D9E34514B9} = {F5E624C6-9097-4A14-B2DC-5058B30F2373}
		{4D9F09B7-BAD6-4F4A-A40D-E2A1440B3483} = {F5E624C6-9097-4A14-B2DC-5058B30F2373}
		{40FA9817-077E-494C-8DCD-2F54758B5085} = {F5E624C6-9097-4A14-B2DC-5058B30F2373}
		{C03B4B43-1404-4449-8865-3AFD1FD626E7} = {F5E624C6-9097-4A14-B2DC-5058B30F2373}
		{6C5550E5-299E-43C8-8E03-825E024DB764} = {E38D5C9B-42CF-48F1-A13E-BC66E00107EF}
		{CEFF9E98-6499-4D7B-B523-BB1959674E79} = {E38D5C9B-42CF-48F1-A13E-BC66E00107EF}
	EndGlobalSection
EndGlobal
