
Microsoft Visual Studio Solution File, Format Version 12.00
# Visual Studio 2012
Project("{FAE04EC0-301F-11D3-BF4B-00C04F79EFBC}") = "QuadroschrauberSharp", "QuadroschrauberSharp.csproj", "{6C5550E5-299E-43C8-8E03-825E024DB764}"
EndProject
Project("{FAE04EC0-301F-11D3-BF4B-00C04F79EFBC}") = "QuadroschrauberSharp.Linux", "..\QuadroschrauberSharp.Linux\QuadroschrauberSharp.Linux.csproj", "{CEFF9E98-6499-4D7B-B523-BB1959674E79}"
EndProject
Global
	GlobalSection(SolutionConfigurationPlatforms) = preSolution
		Debug|Any CPU = Debug|Any CPU
		Release|Any CPU = Release|Any CPU
	EndGlobalSection
	GlobalSection(ProjectConfigurationPlatforms) = postSolution
		{6C5550E5-299E-43C8-8E03-825E024DB764}.Debug|Any CPU.ActiveCfg = Debug|Any CPU
		{6C5550E5-299E-43C8-8E03-825E024DB764}.Debug|Any CPU.Build.0 = Debug|Any CPU
		{6C5550E5-299E-43C8-8E03-825E024DB764}.Release|Any CPU.ActiveCfg = Release|Any CPU
		{6C5550E5-299E-43C8-8E03-825E024DB764}.Release|Any CPU.Build.0 = Release|Any CPU
		{CEFF9E98-6499-4D7B-B523-BB1959674E79}.Debug|Any CPU.ActiveCfg = Debug|Any CPU
		{CEFF9E98-6499-4D7B-B523-BB1959674E79}.Debug|Any CPU.Build.0 = Debug|Any CPU
		{CEFF9E98-6499-4D7B-B523-BB1959674E79}.Release|Any CPU.ActiveCfg = Release|Any CPU
		{CEFF9E98-6499-4D7B-B523-BB1959674E79}.Release|Any CPU.Build.0 = Release|Any CPU
	EndGlobalSection
	GlobalSection(SolutionProperties) = preSolution
		HideSolutionNode = FALSE
	EndGlobalSection
EndGlobal
