
Microsoft Visual Studio Solution File, Format Version 12.00
# Visual Studio 2012
VisualStudioVersion = 15.0.26430.15
MinimumVisualStudioVersion = 10.0.40219.1
Project("{FAE04EC0-301F-11D3-BF4B-00C04F79EFBC}") = "MrGibbs", "MrGibbs\MrGibbs.csproj", "{0640B87F-A33C-4612-B3D7-AA7363BB1CCC}"
EndProject
Project("{2150E333-8FDC-42A3-9474-1A3956D46DE8}") = "Lib", "Lib", "{E38D5C9B-42CF-48F1-A13E-BC66E00107EF}"
EndProject
Project("{FAE04EC0-301F-11D3-BF4B-00C04F79EFBC}") = "dbus-sharp", "lib\PebbleSharp\Mono.BlueZ\dbus-sharp\src\dbus-sharp.csproj", "{09A0200F-F3AF-4BD6-9EC4-E7D80D273E4C}"
EndProject
Project("{FAE04EC0-301F-11D3-BF4B-00C04F79EFBC}") = "Mono.BlueZ.DBus", "lib\PebbleSharp\Mono.BlueZ\Mono.BlueZ.DBus\Mono.BlueZ.DBus.csproj", "{68E6EB3B-4076-48F6-9EB6-1181057C0977}"
EndProject
Project("{FAE04EC0-301F-11D3-BF4B-00C04F79EFBC}") = "PebbleSharp.Mono.BlueZ5", "lib\PebbleSharp\PebbleSharp.Mono.BlueZ5\PebbleSharp.Mono.BlueZ5.csproj", "{40BD0369-85E6-4712-A28C-0C9178FD6F33}"
EndProject
Project("{FAE04EC0-301F-11D3-BF4B-00C04F79EFBC}") = "PebbleSharp.Core", "lib\PebbleSharp\PebbleSharp.Core\PebbleSharp.Core.csproj", "{E52DCFA6-ED09-4B88-AE50-97072323942C}"
EndProject
Project("{FAE04EC0-301F-11D3-BF4B-00C04F79EFBC}") = "Mono.Linux.I2C", "lib\Mono.Linux.I2C\src\Mono.Linux.I2C\Mono.Linux.I2C.csproj", "{B70915EA-3F00-492D-8011-E01B746DD050}"
EndProject
Project("{FAE04EC0-301F-11D3-BF4B-00C04F79EFBC}") = "MrGibbs.Configuration", "MrGibbs.Configuration\MrGibbs.Configuration.csproj", "{0096B610-9EAD-421F-83AC-C3FE2559EC68}"
EndProject
Project("{FAE04EC0-301F-11D3-BF4B-00C04F79EFBC}") = "MrGibbs.Contracts", "MrGibbs.Contracts\MrGibbs.Contracts.csproj", "{5B22B394-D1CC-457F-B83D-04D2C797E3B3}"
EndProject
Project("{FAE04EC0-301F-11D3-BF4B-00C04F79EFBC}") = "MrGibbs.Models", "MrGibbs.Models\MrGibbs.Models.csproj", "{A41A884E-A7FE-4EC6-80A7-145E3FB4311F}"
EndProject
Project("{FAE04EC0-301F-11D3-BF4B-00C04F79EFBC}") = "MrGibbs.Infrastructure", "MrGibbs.Infrastructure\MrGibbs.Infrastructure.csproj", "{860DCFBC-164C-4BCA-A112-AF0439A60211}"
EndProject
Project("{2150E333-8FDC-42A3-9474-1A3956D46DE8}") = "Plugins", "Plugins", "{F5E624C6-9097-4A14-B2DC-5058B30F2373}"
EndProject
Project("{FAE04EC0-301F-11D3-BF4B-00C04F79EFBC}") = "MrGibbs.StateLogger", "MrGibbs.StateLogger\MrGibbs.StateLogger.csproj", "{17B81C86-A8FF-46D5-8513-048B0571FDCF}"
EndProject
Project("{FAE04EC0-301F-11D3-BF4B-00C04F79EFBC}") = "MrGibbs.Pebble", "MrGibbs.Pebble\MrGibbs.Pebble.csproj", "{4DC33CF3-5DF6-4630-9297-E2DADC27CDDD}"
EndProject
Project("{FAE04EC0-301F-11D3-BF4B-00C04F79EFBC}") = "MrGibbs.BlendMicroAnemometer", "MrGibbs.BlendMicroAnemometer\MrGibbs.BlendMicroAnemometer.csproj", "{26A14CFB-80CB-4D89-9101-10D9E34514B9}"
EndProject
Project("{FAE04EC0-301F-11D3-BF4B-00C04F79EFBC}") = "MrGibbs.Gps", "MrGibbs.Gps\MrGibbs.Gps.csproj", "{4D9F09B7-BAD6-4F4A-A40D-E2A1440B3483}"
EndProject
Project("{FAE04EC0-301F-11D3-BF4B-00C04F79EFBC}") = "MrGibbs.Calculators", "MrGibbs.Calculators\MrGibbs.Calculators.csproj", "{40FA9817-077E-494C-8DCD-2F54758B5085}"
EndProject
Project("{FAE04EC0-301F-11D3-BF4B-00C04F79EFBC}") = "MrGibbs.MPU6050", "MrGibbs.MPU6050\MrGibbs.MPU6050.csproj", "{C03B4B43-1404-4449-8865-3AFD1FD626E7}"
EndProject
Project("{FAE04EC0-301F-11D3-BF4B-00C04F79EFBC}") = "MrGibbs.HMC5883", "MrGibbs.HMC5883\MrGibbs.HMC5883.csproj", "{AB46A638-42D2-436E-A40B-1123AC4653D4}"
EndProject
Project("{FAE04EC0-301F-11D3-BF4B-00C04F79EFBC}") = "MrGibbs.MagneticVariation", "MrGibbs.MagneticVariation\MrGibbs.MagneticVariation.csproj", "{2BE5501B-FA4A-408F-8269-F2D6E7A02699}"
EndProject
Project("{FAE04EC0-301F-11D3-BF4B-00C04F79EFBC}") = "MrGibbs.PolarCalculator", "MrGibbs.PolarCalculator\MrGibbs.PolarCalculator.csproj", "{9109FAAA-849B-4FDA-973C-847275353B5E}"
EndProject
Project("{FAE04EC0-301F-11D3-BF4B-00C04F79EFBC}") = "MrGibbs.RouteCalculator", "MrGibbs.RouteCalculator\MrGibbs.RouteCalculator.csproj", "{F476FFC0-F700-489F-BDE0-AE7D16F82FC1}"
EndProject
Project("{FAE04EC0-301F-11D3-BF4B-00C04F79EFBC}") = "MrGibbs.OnboardWebUI", "MrGibbs.OnboardWebUI\MrGibbs.OnboardWebUI.csproj", "{8DA4744B-7594-4863-B4EE-02C0305BCFA3}"
EndProject
Project("{FAE04EC0-301F-11D3-BF4B-00C04F79EFBC}") = "MrGibbs.AndroidViewer", "MrGibbs.AndroidViewer\MrGibbs.AndroidViewer.csproj", "{FCD351BA-CC34-45FD-80E0-058BC275F862}"
EndProject
Project("{2150E333-8FDC-42A3-9474-1A3956D46DE8}") = "Tests", "Tests", "{57FE80A8-BBC9-40CD-B0D6-81F35BAB254C}"
EndProject
Project("{FAE04EC0-301F-11D3-BF4B-00C04F79EFBC}") = "MrGibbs.Test", "MrGibbs.Test\MrGibbs.Test.csproj", "{22546F50-64C4-4491-91DC-C79BE2F5DBE6}"
EndProject
Global
	GlobalSection(SolutionConfigurationPlatforms) = preSolution
		CodeAnalysis|Any CPU = CodeAnalysis|Any CPU
		Debug|Any CPU = Debug|Any CPU
		Release|Any CPU = Release|Any CPU
		WindowsDebug|Any CPU = WindowsDebug|Any CPU
	EndGlobalSection
	GlobalSection(ProjectConfigurationPlatforms) = postSolution
		{0096B610-9EAD-421F-83AC-C3FE2559EC68}.CodeAnalysis|Any CPU.ActiveCfg = Release|Any CPU
		{0096B610-9EAD-421F-83AC-C3FE2559EC68}.CodeAnalysis|Any CPU.Build.0 = Release|Any CPU
		{0096B610-9EAD-421F-83AC-C3FE2559EC68}.Debug|Any CPU.ActiveCfg = Debug|Any CPU
		{0096B610-9EAD-421F-83AC-C3FE2559EC68}.Debug|Any CPU.Build.0 = Debug|Any CPU
		{0096B610-9EAD-421F-83AC-C3FE2559EC68}.Release|Any CPU.ActiveCfg = Release|Any CPU
		{0096B610-9EAD-421F-83AC-C3FE2559EC68}.Release|Any CPU.Build.0 = Release|Any CPU
		{0096B610-9EAD-421F-83AC-C3FE2559EC68}.WindowsDebug|Any CPU.ActiveCfg = WindowsDebug|Any CPU
		{0096B610-9EAD-421F-83AC-C3FE2559EC68}.WindowsDebug|Any CPU.Build.0 = WindowsDebug|Any CPU
		{0640B87F-A33C-4612-B3D7-AA7363BB1CCC}.CodeAnalysis|Any CPU.ActiveCfg = Release|Any CPU
		{0640B87F-A33C-4612-B3D7-AA7363BB1CCC}.CodeAnalysis|Any CPU.Build.0 = Release|Any CPU
		{0640B87F-A33C-4612-B3D7-AA7363BB1CCC}.Debug|Any CPU.ActiveCfg = Debug|Any CPU
		{0640B87F-A33C-4612-B3D7-AA7363BB1CCC}.Debug|Any CPU.Build.0 = Debug|Any CPU
		{0640B87F-A33C-4612-B3D7-AA7363BB1CCC}.Release|Any CPU.ActiveCfg = Release|Any CPU
		{0640B87F-A33C-4612-B3D7-AA7363BB1CCC}.Release|Any CPU.Build.0 = Release|Any CPU
		{0640B87F-A33C-4612-B3D7-AA7363BB1CCC}.WindowsDebug|Any CPU.ActiveCfg = WindowsDebug|Any CPU
		{0640B87F-A33C-4612-B3D7-AA7363BB1CCC}.WindowsDebug|Any CPU.Build.0 = WindowsDebug|Any CPU
		{09A0200F-F3AF-4BD6-9EC4-E7D80D273E4C}.CodeAnalysis|Any CPU.ActiveCfg = Release|Any CPU
		{09A0200F-F3AF-4BD6-9EC4-E7D80D273E4C}.CodeAnalysis|Any CPU.Build.0 = Release|Any CPU
		{09A0200F-F3AF-4BD6-9EC4-E7D80D273E4C}.Debug|Any CPU.ActiveCfg = Debug|Any CPU
		{09A0200F-F3AF-4BD6-9EC4-E7D80D273E4C}.Debug|Any CPU.Build.0 = Debug|Any CPU
		{09A0200F-F3AF-4BD6-9EC4-E7D80D273E4C}.Release|Any CPU.ActiveCfg = Release|Any CPU
		{09A0200F-F3AF-4BD6-9EC4-E7D80D273E4C}.Release|Any CPU.Build.0 = Release|Any CPU
		{09A0200F-F3AF-4BD6-9EC4-E7D80D273E4C}.WindowsDebug|Any CPU.ActiveCfg = Debug|Any CPU
		{17B81C86-A8FF-46D5-8513-048B0571FDCF}.CodeAnalysis|Any CPU.ActiveCfg = Release|Any CPU
		{17B81C86-A8FF-46D5-8513-048B0571FDCF}.CodeAnalysis|Any CPU.Build.0 = Release|Any CPU
		{17B81C86-A8FF-46D5-8513-048B0571FDCF}.Debug|Any CPU.ActiveCfg = Debug|Any CPU
		{17B81C86-A8FF-46D5-8513-048B0571FDCF}.Debug|Any CPU.Build.0 = Debug|Any CPU
		{17B81C86-A8FF-46D5-8513-048B0571FDCF}.Release|Any CPU.ActiveCfg = Release|Any CPU
		{17B81C86-A8FF-46D5-8513-048B0571FDCF}.Release|Any CPU.Build.0 = Release|Any CPU
		{17B81C86-A8FF-46D5-8513-048B0571FDCF}.WindowsDebug|Any CPU.ActiveCfg = Debug|Any CPU
		{17B81C86-A8FF-46D5-8513-048B0571FDCF}.WindowsDebug|Any CPU.Build.0 = Debug|Any CPU
		{22546F50-64C4-4491-91DC-C79BE2F5DBE6}.CodeAnalysis|Any CPU.ActiveCfg = Release|Any CPU
		{22546F50-64C4-4491-91DC-C79BE2F5DBE6}.CodeAnalysis|Any CPU.Build.0 = Release|Any CPU
		{22546F50-64C4-4491-91DC-C79BE2F5DBE6}.Debug|Any CPU.ActiveCfg = Debug|Any CPU
		{22546F50-64C4-4491-91DC-C79BE2F5DBE6}.Debug|Any CPU.Build.0 = Debug|Any CPU
		{22546F50-64C4-4491-91DC-C79BE2F5DBE6}.Release|Any CPU.ActiveCfg = Release|Any CPU
		{22546F50-64C4-4491-91DC-C79BE2F5DBE6}.Release|Any CPU.Build.0 = Release|Any CPU
		{22546F50-64C4-4491-91DC-C79BE2F5DBE6}.WindowsDebug|Any CPU.ActiveCfg = Debug|Any CPU
		{22546F50-64C4-4491-91DC-C79BE2F5DBE6}.WindowsDebug|Any CPU.Build.0 = Debug|Any CPU
		{26A14CFB-80CB-4D89-9101-10D9E34514B9}.CodeAnalysis|Any CPU.ActiveCfg = Release|Any CPU
		{26A14CFB-80CB-4D89-9101-10D9E34514B9}.CodeAnalysis|Any CPU.Build.0 = Release|Any CPU
		{26A14CFB-80CB-4D89-9101-10D9E34514B9}.Debug|Any CPU.ActiveCfg = Debug|Any CPU
		{26A14CFB-80CB-4D89-9101-10D9E34514B9}.Debug|Any CPU.Build.0 = Debug|Any CPU
		{26A14CFB-80CB-4D89-9101-10D9E34514B9}.Release|Any CPU.ActiveCfg = Release|Any CPU
		{26A14CFB-80CB-4D89-9101-10D9E34514B9}.Release|Any CPU.Build.0 = Release|Any CPU
		{26A14CFB-80CB-4D89-9101-10D9E34514B9}.WindowsDebug|Any CPU.ActiveCfg = Debug|Any CPU
		{2BE5501B-FA4A-408F-8269-F2D6E7A02699}.CodeAnalysis|Any CPU.ActiveCfg = Release|Any CPU
		{2BE5501B-FA4A-408F-8269-F2D6E7A02699}.CodeAnalysis|Any CPU.Build.0 = Release|Any CPU
		{2BE5501B-FA4A-408F-8269-F2D6E7A02699}.Debug|Any CPU.ActiveCfg = Debug|Any CPU
		{2BE5501B-FA4A-408F-8269-F2D6E7A02699}.Debug|Any CPU.Build.0 = Debug|Any CPU
		{2BE5501B-FA4A-408F-8269-F2D6E7A02699}.Release|Any CPU.ActiveCfg = Release|Any CPU
		{2BE5501B-FA4A-408F-8269-F2D6E7A02699}.Release|Any CPU.Build.0 = Release|Any CPU
		{2BE5501B-FA4A-408F-8269-F2D6E7A02699}.WindowsDebug|Any CPU.ActiveCfg = Debug|Any CPU
		{2BE5501B-FA4A-408F-8269-F2D6E7A02699}.WindowsDebug|Any CPU.Build.0 = Debug|Any CPU
		{40BD0369-85E6-4712-A28C-0C9178FD6F33}.CodeAnalysis|Any CPU.ActiveCfg = Release|Any CPU
		{40BD0369-85E6-4712-A28C-0C9178FD6F33}.CodeAnalysis|Any CPU.Build.0 = Release|Any CPU
		{40BD0369-85E6-4712-A28C-0C9178FD6F33}.Debug|Any CPU.ActiveCfg = Debug|Any CPU
		{40BD0369-85E6-4712-A28C-0C9178FD6F33}.Debug|Any CPU.Build.0 = Debug|Any CPU
		{40BD0369-85E6-4712-A28C-0C9178FD6F33}.Release|Any CPU.ActiveCfg = Release|Any CPU
		{40BD0369-85E6-4712-A28C-0C9178FD6F33}.Release|Any CPU.Build.0 = Release|Any CPU
		{40BD0369-85E6-4712-A28C-0C9178FD6F33}.WindowsDebug|Any CPU.ActiveCfg = Debug|Any CPU
		{40FA9817-077E-494C-8DCD-2F54758B5085}.CodeAnalysis|Any CPU.ActiveCfg = Release|Any CPU
		{40FA9817-077E-494C-8DCD-2F54758B5085}.CodeAnalysis|Any CPU.Build.0 = Release|Any CPU
		{40FA9817-077E-494C-8DCD-2F54758B5085}.Debug|Any CPU.ActiveCfg = Debug|Any CPU
		{40FA9817-077E-494C-8DCD-2F54758B5085}.Debug|Any CPU.Build.0 = Debug|Any CPU
		{40FA9817-077E-494C-8DCD-2F54758B5085}.Release|Any CPU.ActiveCfg = Release|Any CPU
		{40FA9817-077E-494C-8DCD-2F54758B5085}.Release|Any CPU.Build.0 = Release|Any CPU
		{40FA9817-077E-494C-8DCD-2F54758B5085}.WindowsDebug|Any CPU.ActiveCfg = Debug|Any CPU
		{40FA9817-077E-494C-8DCD-2F54758B5085}.WindowsDebug|Any CPU.Build.0 = Debug|Any CPU
		{4D9F09B7-BAD6-4F4A-A40D-E2A1440B3483}.CodeAnalysis|Any CPU.ActiveCfg = Release|Any CPU
		{4D9F09B7-BAD6-4F4A-A40D-E2A1440B3483}.CodeAnalysis|Any CPU.Build.0 = Release|Any CPU
		{4D9F09B7-BAD6-4F4A-A40D-E2A1440B3483}.Debug|Any CPU.ActiveCfg = Debug|Any CPU
		{4D9F09B7-BAD6-4F4A-A40D-E2A1440B3483}.Debug|Any CPU.Build.0 = Debug|Any CPU
		{4D9F09B7-BAD6-4F4A-A40D-E2A1440B3483}.Release|Any CPU.ActiveCfg = Release|Any CPU
		{4D9F09B7-BAD6-4F4A-A40D-E2A1440B3483}.Release|Any CPU.Build.0 = Release|Any CPU
		{4D9F09B7-BAD6-4F4A-A40D-E2A1440B3483}.WindowsDebug|Any CPU.ActiveCfg = Debug|Any CPU
		{4D9F09B7-BAD6-4F4A-A40D-E2A1440B3483}.WindowsDebug|Any CPU.Build.0 = Debug|Any CPU
		{4DC33CF3-5DF6-4630-9297-E2DADC27CDDD}.CodeAnalysis|Any CPU.ActiveCfg = Release|Any CPU
		{4DC33CF3-5DF6-4630-9297-E2DADC27CDDD}.CodeAnalysis|Any CPU.Build.0 = Release|Any CPU
		{4DC33CF3-5DF6-4630-9297-E2DADC27CDDD}.Debug|Any CPU.ActiveCfg = Debug|Any CPU
		{4DC33CF3-5DF6-4630-9297-E2DADC27CDDD}.Debug|Any CPU.Build.0 = Debug|Any CPU
		{4DC33CF3-5DF6-4630-9297-E2DADC27CDDD}.Release|Any CPU.ActiveCfg = Release|Any CPU
		{4DC33CF3-5DF6-4630-9297-E2DADC27CDDD}.Release|Any CPU.Build.0 = Release|Any CPU
		{4DC33CF3-5DF6-4630-9297-E2DADC27CDDD}.WindowsDebug|Any CPU.ActiveCfg = Debug|Any CPU
		{5B22B394-D1CC-457F-B83D-04D2C797E3B3}.CodeAnalysis|Any CPU.ActiveCfg = Release|Any CPU
		{5B22B394-D1CC-457F-B83D-04D2C797E3B3}.CodeAnalysis|Any CPU.Build.0 = Release|Any CPU
		{5B22B394-D1CC-457F-B83D-04D2C797E3B3}.Debug|Any CPU.ActiveCfg = Debug|Any CPU
		{5B22B394-D1CC-457F-B83D-04D2C797E3B3}.Debug|Any CPU.Build.0 = Debug|Any CPU
		{5B22B394-D1CC-457F-B83D-04D2C797E3B3}.Release|Any CPU.ActiveCfg = Release|Any CPU
		{5B22B394-D1CC-457F-B83D-04D2C797E3B3}.Release|Any CPU.Build.0 = Release|Any CPU
		{5B22B394-D1CC-457F-B83D-04D2C797E3B3}.WindowsDebug|Any CPU.ActiveCfg = Debug|Any CPU
		{5B22B394-D1CC-457F-B83D-04D2C797E3B3}.WindowsDebug|Any CPU.Build.0 = Debug|Any CPU
		{68E6EB3B-4076-48F6-9EB6-1181057C0977}.CodeAnalysis|Any CPU.ActiveCfg = Release|Any CPU
		{68E6EB3B-4076-48F6-9EB6-1181057C0977}.CodeAnalysis|Any CPU.Build.0 = Release|Any CPU
		{68E6EB3B-4076-48F6-9EB6-1181057C0977}.Debug|Any CPU.ActiveCfg = Debug|Any CPU
		{68E6EB3B-4076-48F6-9EB6-1181057C0977}.Debug|Any CPU.Build.0 = Debug|Any CPU
		{68E6EB3B-4076-48F6-9EB6-1181057C0977}.Release|Any CPU.ActiveCfg = Release|Any CPU
		{68E6EB3B-4076-48F6-9EB6-1181057C0977}.Release|Any CPU.Build.0 = Release|Any CPU
		{68E6EB3B-4076-48F6-9EB6-1181057C0977}.WindowsDebug|Any CPU.ActiveCfg = Debug|Any CPU
		{860DCFBC-164C-4BCA-A112-AF0439A60211}.CodeAnalysis|Any CPU.ActiveCfg = Release|Any CPU
		{860DCFBC-164C-4BCA-A112-AF0439A60211}.CodeAnalysis|Any CPU.Build.0 = Release|Any CPU
		{860DCFBC-164C-4BCA-A112-AF0439A60211}.Debug|Any CPU.ActiveCfg = Debug|Any CPU
		{860DCFBC-164C-4BCA-A112-AF0439A60211}.Debug|Any CPU.Build.0 = Debug|Any CPU
		{860DCFBC-164C-4BCA-A112-AF0439A60211}.Release|Any CPU.ActiveCfg = Release|Any CPU
		{860DCFBC-164C-4BCA-A112-AF0439A60211}.Release|Any CPU.Build.0 = Release|Any CPU
		{860DCFBC-164C-4BCA-A112-AF0439A60211}.WindowsDebug|Any CPU.ActiveCfg = Debug|Any CPU
		{860DCFBC-164C-4BCA-A112-AF0439A60211}.WindowsDebug|Any CPU.Build.0 = Debug|Any CPU
		{8DA4744B-7594-4863-B4EE-02C0305BCFA3}.CodeAnalysis|Any CPU.ActiveCfg = Release|Any CPU
		{8DA4744B-7594-4863-B4EE-02C0305BCFA3}.CodeAnalysis|Any CPU.Build.0 = Release|Any CPU
		{8DA4744B-7594-4863-B4EE-02C0305BCFA3}.Debug|Any CPU.ActiveCfg = Debug|Any CPU
		{8DA4744B-7594-4863-B4EE-02C0305BCFA3}.Debug|Any CPU.Build.0 = Debug|Any CPU
		{8DA4744B-7594-4863-B4EE-02C0305BCFA3}.Release|Any CPU.ActiveCfg = Release|Any CPU
		{8DA4744B-7594-4863-B4EE-02C0305BCFA3}.Release|Any CPU.Build.0 = Release|Any CPU
		{8DA4744B-7594-4863-B4EE-02C0305BCFA3}.WindowsDebug|Any CPU.ActiveCfg = Debug|Any CPU
		{8DA4744B-7594-4863-B4EE-02C0305BCFA3}.WindowsDebug|Any CPU.Build.0 = Debug|Any CPU
		{9109FAAA-849B-4FDA-973C-847275353B5E}.CodeAnalysis|Any CPU.ActiveCfg = Release|Any CPU
		{9109FAAA-849B-4FDA-973C-847275353B5E}.CodeAnalysis|Any CPU.Build.0 = Release|Any CPU
		{9109FAAA-849B-4FDA-973C-847275353B5E}.Debug|Any CPU.ActiveCfg = Debug|Any CPU
		{9109FAAA-849B-4FDA-973C-847275353B5E}.Debug|Any CPU.Build.0 = Debug|Any CPU
		{9109FAAA-849B-4FDA-973C-847275353B5E}.Release|Any CPU.ActiveCfg = Release|Any CPU
		{9109FAAA-849B-4FDA-973C-847275353B5E}.Release|Any CPU.Build.0 = Release|Any CPU
		{9109FAAA-849B-4FDA-973C-847275353B5E}.WindowsDebug|Any CPU.ActiveCfg = Debug|Any CPU
		{9109FAAA-849B-4FDA-973C-847275353B5E}.WindowsDebug|Any CPU.Build.0 = Debug|Any CPU
		{A41A884E-A7FE-4EC6-80A7-145E3FB4311F}.CodeAnalysis|Any CPU.ActiveCfg = Release|Any CPU
		{A41A884E-A7FE-4EC6-80A7-145E3FB4311F}.CodeAnalysis|Any CPU.Build.0 = Release|Any CPU
		{A41A884E-A7FE-4EC6-80A7-145E3FB4311F}.Debug|Any CPU.ActiveCfg = Debug|Any CPU
		{A41A884E-A7FE-4EC6-80A7-145E3FB4311F}.Debug|Any CPU.Build.0 = Debug|Any CPU
		{A41A884E-A7FE-4EC6-80A7-145E3FB4311F}.Release|Any CPU.ActiveCfg = Release|Any CPU
		{A41A884E-A7FE-4EC6-80A7-145E3FB4311F}.Release|Any CPU.Build.0 = Release|Any CPU
		{A41A884E-A7FE-4EC6-80A7-145E3FB4311F}.WindowsDebug|Any CPU.ActiveCfg = Debug|Any CPU
		{A41A884E-A7FE-4EC6-80A7-145E3FB4311F}.WindowsDebug|Any CPU.Build.0 = Debug|Any CPU
		{AB46A638-42D2-436E-A40B-1123AC4653D4}.CodeAnalysis|Any CPU.ActiveCfg = Release|Any CPU
		{AB46A638-42D2-436E-A40B-1123AC4653D4}.CodeAnalysis|Any CPU.Build.0 = Release|Any CPU
		{AB46A638-42D2-436E-A40B-1123AC4653D4}.Debug|Any CPU.ActiveCfg = Debug|Any CPU
		{AB46A638-42D2-436E-A40B-1123AC4653D4}.Debug|Any CPU.Build.0 = Debug|Any CPU
		{AB46A638-42D2-436E-A40B-1123AC4653D4}.Release|Any CPU.ActiveCfg = Release|Any CPU
		{AB46A638-42D2-436E-A40B-1123AC4653D4}.Release|Any CPU.Build.0 = Release|Any CPU
		{AB46A638-42D2-436E-A40B-1123AC4653D4}.WindowsDebug|Any CPU.ActiveCfg = Debug|Any CPU
		{B70915EA-3F00-492D-8011-E01B746DD050}.CodeAnalysis|Any CPU.ActiveCfg = Release|Any CPU
		{B70915EA-3F00-492D-8011-E01B746DD050}.CodeAnalysis|Any CPU.Build.0 = Release|Any CPU
		{B70915EA-3F00-492D-8011-E01B746DD050}.Debug|Any CPU.ActiveCfg = Debug|Any CPU
		{B70915EA-3F00-492D-8011-E01B746DD050}.Debug|Any CPU.Build.0 = Debug|Any CPU
		{B70915EA-3F00-492D-8011-E01B746DD050}.Release|Any CPU.ActiveCfg = Release|Any CPU
		{B70915EA-3F00-492D-8011-E01B746DD050}.Release|Any CPU.Build.0 = Release|Any CPU
		{B70915EA-3F00-492D-8011-E01B746DD050}.WindowsDebug|Any CPU.ActiveCfg = Debug|Any CPU
		{C03B4B43-1404-4449-8865-3AFD1FD626E7}.CodeAnalysis|Any CPU.ActiveCfg = Release|Any CPU
		{C03B4B43-1404-4449-8865-3AFD1FD626E7}.CodeAnalysis|Any CPU.Build.0 = Release|Any CPU
		{C03B4B43-1404-4449-8865-3AFD1FD626E7}.Debug|Any CPU.ActiveCfg = Debug|Any CPU
		{C03B4B43-1404-4449-8865-3AFD1FD626E7}.Debug|Any CPU.Build.0 = Debug|Any CPU
		{C03B4B43-1404-4449-8865-3AFD1FD626E7}.Release|Any CPU.ActiveCfg = Release|Any CPU
		{C03B4B43-1404-4449-8865-3AFD1FD626E7}.Release|Any CPU.Build.0 = Release|Any CPU
		{C03B4B43-1404-4449-8865-3AFD1FD626E7}.WindowsDebug|Any CPU.ActiveCfg = Debug|Any CPU
		{E52DCFA6-ED09-4B88-AE50-97072323942C}.CodeAnalysis|Any CPU.ActiveCfg = Release|Any CPU
		{E52DCFA6-ED09-4B88-AE50-97072323942C}.CodeAnalysis|Any CPU.Build.0 = Release|Any CPU
		{E52DCFA6-ED09-4B88-AE50-97072323942C}.Debug|Any CPU.ActiveCfg = Debug|Any CPU
		{E52DCFA6-ED09-4B88-AE50-97072323942C}.Debug|Any CPU.Build.0 = Debug|Any CPU
		{E52DCFA6-ED09-4B88-AE50-97072323942C}.Release|Any CPU.ActiveCfg = Release|Any CPU
		{E52DCFA6-ED09-4B88-AE50-97072323942C}.Release|Any CPU.Build.0 = Release|Any CPU
		{E52DCFA6-ED09-4B88-AE50-97072323942C}.WindowsDebug|Any CPU.ActiveCfg = Debug|Any CPU
		{F476FFC0-F700-489F-BDE0-AE7D16F82FC1}.CodeAnalysis|Any CPU.ActiveCfg = Release|Any CPU
		{F476FFC0-F700-489F-BDE0-AE7D16F82FC1}.CodeAnalysis|Any CPU.Build.0 = Release|Any CPU
		{F476FFC0-F700-489F-BDE0-AE7D16F82FC1}.Debug|Any CPU.ActiveCfg = Debug|Any CPU
		{F476FFC0-F700-489F-BDE0-AE7D16F82FC1}.Debug|Any CPU.Build.0 = Debug|Any CPU
		{F476FFC0-F700-489F-BDE0-AE7D16F82FC1}.Release|Any CPU.ActiveCfg = Release|Any CPU
		{F476FFC0-F700-489F-BDE0-AE7D16F82FC1}.Release|Any CPU.Build.0 = Release|Any CPU
		{F476FFC0-F700-489F-BDE0-AE7D16F82FC1}.WindowsDebug|Any CPU.ActiveCfg = Debug|Any CPU
		{F476FFC0-F700-489F-BDE0-AE7D16F82FC1}.WindowsDebug|Any CPU.Build.0 = Debug|Any CPU
		{FCD351BA-CC34-45FD-80E0-058BC275F862}.CodeAnalysis|Any CPU.ActiveCfg = Release|Any CPU
		{FCD351BA-CC34-45FD-80E0-058BC275F862}.CodeAnalysis|Any CPU.Build.0 = Release|Any CPU
		{FCD351BA-CC34-45FD-80E0-058BC275F862}.CodeAnalysis|Any CPU.Deploy.0 = Release|Any CPU
		{FCD351BA-CC34-45FD-80E0-058BC275F862}.Debug|Any CPU.ActiveCfg = Debug|Any CPU
		{FCD351BA-CC34-45FD-80E0-058BC275F862}.Debug|Any CPU.Build.0 = Debug|Any CPU
		{FCD351BA-CC34-45FD-80E0-058BC275F862}.Debug|Any CPU.Deploy.0 = Debug|Any CPU
		{FCD351BA-CC34-45FD-80E0-058BC275F862}.Release|Any CPU.ActiveCfg = Release|Any CPU
		{FCD351BA-CC34-45FD-80E0-058BC275F862}.Release|Any CPU.Build.0 = Release|Any CPU
		{FCD351BA-CC34-45FD-80E0-058BC275F862}.Release|Any CPU.Deploy.0 = Release|Any CPU
		{FCD351BA-CC34-45FD-80E0-058BC275F862}.WindowsDebug|Any CPU.ActiveCfg = Debug|Any CPU
		{FCD351BA-CC34-45FD-80E0-058BC275F862}.WindowsDebug|Any CPU.Build.0 = Debug|Any CPU
		{FCD351BA-CC34-45FD-80E0-058BC275F862}.WindowsDebug|Any CPU.Deploy.0 = Debug|Any CPU
		<<<<<<< HEAD
		=======
	EndGlobalSection
	GlobalSection(NestedProjects) = preSolution
		{09A0200F-F3AF-4BD6-9EC4-E7D80D273E4C} = {E38D5C9B-42CF-48F1-A13E-BC66E00107EF}
		{68E6EB3B-4076-48F6-9EB6-1181057C0977} = {E38D5C9B-42CF-48F1-A13E-BC66E00107EF}
		{40BD0369-85E6-4712-A28C-0C9178FD6F33} = {E38D5C9B-42CF-48F1-A13E-BC66E00107EF}
		{E52DCFA6-ED09-4B88-AE50-97072323942C} = {E38D5C9B-42CF-48F1-A13E-BC66E00107EF}
		{B70915EA-3F00-492D-8011-E01B746DD050} = {E38D5C9B-42CF-48F1-A13E-BC66E00107EF}
		{17B81C86-A8FF-46D5-8513-048B0571FDCF} = {F5E624C6-9097-4A14-B2DC-5058B30F2373}
		{4DC33CF3-5DF6-4630-9297-E2DADC27CDDD} = {F5E624C6-9097-4A14-B2DC-5058B30F2373}
		{26A14CFB-80CB-4D89-9101-10D9E34514B9} = {F5E624C6-9097-4A14-B2DC-5058B30F2373}
		{4D9F09B7-BAD6-4F4A-A40D-E2A1440B3483} = {F5E624C6-9097-4A14-B2DC-5058B30F2373}
		{40FA9817-077E-494C-8DCD-2F54758B5085} = {F5E624C6-9097-4A14-B2DC-5058B30F2373}
		{C03B4B43-1404-4449-8865-3AFD1FD626E7} = {F5E624C6-9097-4A14-B2DC-5058B30F2373}
		{AB46A638-42D2-436E-A40B-1123AC4653D4} = {F5E624C6-9097-4A14-B2DC-5058B30F2373}
		{2BE5501B-FA4A-408F-8269-F2D6E7A02699} = {F5E624C6-9097-4A14-B2DC-5058B30F2373}
		{9109FAAA-849B-4FDA-973C-847275353B5E} = {F5E624C6-9097-4A14-B2DC-5058B30F2373}
		{F476FFC0-F700-489F-BDE0-AE7D16F82FC1} = {F5E624C6-9097-4A14-B2DC-5058B30F2373}
		{8DA4744B-7594-4863-B4EE-02C0305BCFA3} = {F5E624C6-9097-4A14-B2DC-5058B30F2373}
		{FCD351BA-CC34-45FD-80E0-058BC275F862} = {F5E624C6-9097-4A14-B2DC-5058B30F2373}
		{22546F50-64C4-4491-91DC-C79BE2F5DBE6} = {57FE80A8-BBC9-40CD-B0D6-81F35BAB254C}
	EndGlobalSection
	GlobalSection(MonoDevelopProperties) = preSolution
		Policies = $0
		$0.TextStylePolicy = $1
		$1.inheritsSet = null
		$1.scope = text/x-csharp
		$0.CSharpFormattingPolicy = $2
		$2.AnonymousMethodBraceStyle = NextLine
		$2.PropertyBraceStyle = NextLine
		$2.PropertyGetBraceStyle = NextLine
		$2.PropertySetBraceStyle = NextLine
		$2.EventBraceStyle = NextLine
		$2.EventAddBraceStyle = NextLine
		$2.EventRemoveBraceStyle = NextLine
		$2.StatementBraceStyle = NextLine
		$2.AfterDelegateDeclarationParameterComma = True
		$2.inheritsSet = Mono
		$2.inheritsScope = text/x-csharp
		$2.scope = text/x-csharp
		$0.StandardHeader = $3
		$3.Text = 
		$3.IncludeInNewFiles = True
		$0.NameConventionPolicy = $4
		$4.Rules = $5
		$5.NamingRule = $6
		$6.AffectedEntity = None
		$6.VisibilityMask = VisibilityMask
		$6.NamingStyle = None
		$6.IncludeInstanceMembers = True
		$6.IncludeStaticEntities = True
		version = 2.0
		StartupItem = MrGibbs.Console\MrGibbs.Console.csproj
	EndGlobalSection
	GlobalSection(SolutionProperties) = preSolution
		HideSolutionNode = FALSE
	EndGlobalSection
	GlobalSection(ExtensibilityGlobals) = postSolution
		SolutionGuid = {1E8A52DF-B831-4F3B-8698-8284A6E2233D}
>>>>>>> 8754c7d28df0926a9681204ea8412333ebc8460f
	EndGlobalSection
EndGlobal
